
Microsoft Visual Studio Solution File, Format Version 12.00
# Visual Studio Version 17
VisualStudioVersion = 17.7.34024.191
MinimumVisualStudioVersion = 10.0.40219.1
Project("{FAE04EC0-301F-11D3-BF4B-00C04F79EFBC}") = "AOlivares_Lab1", "AOlivares_Lab1\AOlivares_Lab1.csproj", "{6CCFBA70-F8D4-4543-A7B3-2E3168B8B0E2}"
EndProject
Global
	GlobalSection(SolutionConfigurationPlatforms) = preSolution
		Debug|Any CPU = Debug|Any CPU
		Release|Any CPU = Release|Any CPU
	EndGlobalSection
	GlobalSection(ProjectConfigurationPlatforms) = postSolution
		{6CCFBA70-F8D4-4543-A7B3-2E3168B8B0E2}.Debug|Any CPU.ActiveCfg = Debug|Any CPU
		{6CCFBA70-F8D4-4543-A7B3-2E3168B8B0E2}.Debug|Any CPU.Build.0 = Debug|Any CPU
		{6CCFBA70-F8D4-4543-A7B3-2E3168B8B0E2}.Release|Any CPU.ActiveCfg = Release|Any CPU
		{6CCFBA70-F8D4-4543-A7B3-2E3168B8B0E2}.Release|Any CPU.Build.0 = Release|Any CPU
	EndGlobalSection
	GlobalSection(SolutionProperties) = preSolution
		HideSolutionNode = FALSE
	EndGlobalSection
	GlobalSection(ExtensibilityGlobals) = postSolution
		SolutionGuid = {86E1F00A-9B89-4DDF-8AAA-CF15B7491694}
	EndGlobalSection
EndGlobal
