
Microsoft Visual Studio Solution File, Format Version 12.00
# Visual Studio Version 17
VisualStudioVersion = 17.7.34024.191
MinimumVisualStudioVersion = 10.0.40219.1
Project("{FAE04EC0-301F-11D3-BF4B-00C04F79EFBC}") = "AOlivares_Lab2", "AOlivares_Lab2\AOlivares_Lab2.csproj", "{B2C88EBA-8DB4-41FD-93AB-3A2A9E19CBB5}"
EndProject
Global
	GlobalSection(SolutionConfigurationPlatforms) = preSolution
		Debug|Any CPU = Debug|Any CPU
		Release|Any CPU = Release|Any CPU
	EndGlobalSection
	GlobalSection(ProjectConfigurationPlatforms) = postSolution
		{B2C88EBA-8DB4-41FD-93AB-3A2A9E19CBB5}.Debug|Any CPU.ActiveCfg = Debug|Any CPU
		{B2C88EBA-8DB4-41FD-93AB-3A2A9E19CBB5}.Debug|Any CPU.Build.0 = Debug|Any CPU
		{B2C88EBA-8DB4-41FD-93AB-3A2A9E19CBB5}.Release|Any CPU.ActiveCfg = Release|Any CPU
		{B2C88EBA-8DB4-41FD-93AB-3A2A9E19CBB5}.Release|Any CPU.Build.0 = Release|Any CPU
	EndGlobalSection
	GlobalSection(SolutionProperties) = preSolution
		HideSolutionNode = FALSE
	EndGlobalSection
	GlobalSection(ExtensibilityGlobals) = postSolution
		SolutionGuid = {17F27422-98BB-42EF-ABBA-0B058CC79BBE}
	EndGlobalSection
EndGlobal
