
Microsoft Visual Studio Solution File, Format Version 12.00
# Visual Studio Version 17
VisualStudioVersion = 17.7.34024.191
MinimumVisualStudioVersion = 10.0.40219.1
Project("{FAE04EC0-301F-11D3-BF4B-00C04F79EFBC}") = "Assignemnt 13", "Assignemnt 13\Assignemnt 13.csproj", "{19501DEF-B51C-4B22-B2B4-5E2CA2A971A3}"
EndProject
Global
	GlobalSection(SolutionConfigurationPlatforms) = preSolution
		Debug|Any CPU = Debug|Any CPU
		Release|Any CPU = Release|Any CPU
	EndGlobalSection
	GlobalSection(ProjectConfigurationPlatforms) = postSolution
		{19501DEF-B51C-4B22-B2B4-5E2CA2A971A3}.Debug|Any CPU.ActiveCfg = Debug|Any CPU
		{19501DEF-B51C-4B22-B2B4-5E2CA2A971A3}.Debug|Any CPU.Build.0 = Debug|Any CPU
		{19501DEF-B51C-4B22-B2B4-5E2CA2A971A3}.Release|Any CPU.ActiveCfg = Release|Any CPU
		{19501DEF-B51C-4B22-B2B4-5E2CA2A971A3}.Release|Any CPU.Build.0 = Release|Any CPU
	EndGlobalSection
	GlobalSection(SolutionProperties) = preSolution
		HideSolutionNode = FALSE
	EndGlobalSection
	GlobalSection(ExtensibilityGlobals) = postSolution
		SolutionGuid = {BA6DEF68-5047-4249-9EDF-E4B49365F7B3}
	EndGlobalSection
EndGlobal
