
Microsoft Visual Studio Solution File, Format Version 12.00
# Visual Studio Version 17
VisualStudioVersion = 17.7.34024.191
MinimumVisualStudioVersion = 10.0.40219.1
Project("{FAE04EC0-301F-11D3-BF4B-00C04F79EFBC}") = "Assignment 7", "Assignment 7\Assignment 7.csproj", "{A1DB882B-FB60-4A26-A95E-F03DB4185B21}"
EndProject
Project("{2150E333-8FDC-42A3-9474-1A3956D46DE8}") = "Solution Items", "Solution Items", "{F54EC905-C3F6-45D3-83EE-C997316EC19A}"
EndProject
Global
	GlobalSection(SolutionConfigurationPlatforms) = preSolution
		Debug|Any CPU = Debug|Any CPU
		Release|Any CPU = Release|Any CPU
	EndGlobalSection
	GlobalSection(ProjectConfigurationPlatforms) = postSolution
		{A1DB882B-FB60-4A26-A95E-F03DB4185B21}.Debug|Any CPU.ActiveCfg = Debug|Any CPU
		{A1DB882B-FB60-4A26-A95E-F03DB4185B21}.Debug|Any CPU.Build.0 = Debug|Any CPU
		{A1DB882B-FB60-4A26-A95E-F03DB4185B21}.Release|Any CPU.ActiveCfg = Release|Any CPU
		{A1DB882B-FB60-4A26-A95E-F03DB4185B21}.Release|Any CPU.Build.0 = Release|Any CPU
	EndGlobalSection
	GlobalSection(SolutionProperties) = preSolution
		HideSolutionNode = FALSE
	EndGlobalSection
	GlobalSection(ExtensibilityGlobals) = postSolution
		SolutionGuid = {85D3C0BD-5CF5-46A4-A7BD-5DCE3B51917E}
	EndGlobalSection
EndGlobal
