
Microsoft Visual Studio Solution File, Format Version 12.00
# Visual Studio Version 17
VisualStudioVersion = 17.7.34024.191
MinimumVisualStudioVersion = 10.0.40219.1
Project("{FAE04EC0-301F-11D3-BF4B-00C04F79EFBC}") = "Test 2", "Test 2\Test 2.csproj", "{91D260B0-F64D-412B-AA04-E88D98852553}"
EndProject
Global
	GlobalSection(SolutionConfigurationPlatforms) = preSolution
		Debug|Any CPU = Debug|Any CPU
		Release|Any CPU = Release|Any CPU
	EndGlobalSection
	GlobalSection(ProjectConfigurationPlatforms) = postSolution
		{91D260B0-F64D-412B-AA04-E88D98852553}.Debug|Any CPU.ActiveCfg = Debug|Any CPU
		{91D260B0-F64D-412B-AA04-E88D98852553}.Debug|Any CPU.Build.0 = Debug|Any CPU
		{91D260B0-F64D-412B-AA04-E88D98852553}.Release|Any CPU.ActiveCfg = Release|Any CPU
		{91D260B0-F64D-412B-AA04-E88D98852553}.Release|Any CPU.Build.0 = Release|Any CPU
	EndGlobalSection
	GlobalSection(SolutionProperties) = preSolution
		HideSolutionNode = FALSE
	EndGlobalSection
	GlobalSection(ExtensibilityGlobals) = postSolution
		SolutionGuid = {13DE50F8-83C6-4ABC-AC56-A6AC083D0B1A}
	EndGlobalSection
EndGlobal
